
Microsoft Visual Studio Solution File, Format Version 12.00
# Visual Studio Version 16
VisualStudioVersion = 16.0.31410.357
MinimumVisualStudioVersion = 10.0.40219.1
Project("{9A19103F-16F7-4668-BE54-9A1E7A4F7556}") = "RabbitMQ.WebAPI", "RabbitMQ.WebAPI\RabbitMQ.WebAPI.csproj", "{5A9B0570-4CE5-4B17-8708-92A7E6A0D09B}"
EndProject
Project("{9A19103F-16F7-4668-BE54-9A1E7A4F7556}") = "RabbitMQ.Shared", "RabbitMQ.Shared\RabbitMQ.Shared.csproj", "{ED75CFAF-1A69-4B1C-ACE3-2D6BFF79ED7E}"
EndProject
Project("{FAE04EC0-301F-11D3-BF4B-00C04F79EFBC}") = "RabbitMQ.Consumer", "RabbitMQ.Console.Consumer\RabbitMQ.Consumer.csproj", "{9F7DFA2C-1BB2-44BF-89F2-F6A72EC7CD06}"
EndProject
Global
	GlobalSection(SolutionConfigurationPlatforms) = preSolution
		Debug|Any CPU = Debug|Any CPU
		Release|Any CPU = Release|Any CPU
	EndGlobalSection
	GlobalSection(ProjectConfigurationPlatforms) = postSolution
		{5A9B0570-4CE5-4B17-8708-92A7E6A0D09B}.Debug|Any CPU.ActiveCfg = Debug|Any CPU
		{5A9B0570-4CE5-4B17-8708-92A7E6A0D09B}.Debug|Any CPU.Build.0 = Debug|Any CPU
		{5A9B0570-4CE5-4B17-8708-92A7E6A0D09B}.Release|Any CPU.ActiveCfg = Release|Any CPU
		{5A9B0570-4CE5-4B17-8708-92A7E6A0D09B}.Release|Any CPU.Build.0 = Release|Any CPU
		{ED75CFAF-1A69-4B1C-ACE3-2D6BFF79ED7E}.Debug|Any CPU.ActiveCfg = Debug|Any CPU
		{ED75CFAF-1A69-4B1C-ACE3-2D6BFF79ED7E}.Debug|Any CPU.Build.0 = Debug|Any CPU
		{ED75CFAF-1A69-4B1C-ACE3-2D6BFF79ED7E}.Release|Any CPU.ActiveCfg = Release|Any CPU
		{ED75CFAF-1A69-4B1C-ACE3-2D6BFF79ED7E}.Release|Any CPU.Build.0 = Release|Any CPU
		{9F7DFA2C-1BB2-44BF-89F2-F6A72EC7CD06}.Debug|Any CPU.ActiveCfg = Debug|Any CPU
		{9F7DFA2C-1BB2-44BF-89F2-F6A72EC7CD06}.Debug|Any CPU.Build.0 = Debug|Any CPU
		{9F7DFA2C-1BB2-44BF-89F2-F6A72EC7CD06}.Release|Any CPU.ActiveCfg = Release|Any CPU
		{9F7DFA2C-1BB2-44BF-89F2-F6A72EC7CD06}.Release|Any CPU.Build.0 = Release|Any CPU
	EndGlobalSection
	GlobalSection(SolutionProperties) = preSolution
		HideSolutionNode = FALSE
	EndGlobalSection
	GlobalSection(ExtensibilityGlobals) = postSolution
		SolutionGuid = {B61B28A3-C159-45C7-8567-5CB7D4AAEAB2}
	EndGlobalSection
EndGlobal
